// !$*UTF8*$!
{
	archiveVersion = 1;
	classes = {
	};
	objectVersion = 56;
	objects = {

/* Begin PBXBuildFile section */
		874E9BCC2C3AFE33000719D9 /* MovieBaseApp.swift in Sources */ = {isa = PBXBuildFile; fileRef = 874E9BCB2C3AFE33000719D9 /* MovieBaseApp.swift */; };
		874E9BCE2C3AFE33000719D9 /* ContentView.swift in Sources */ = {isa = PBXBuildFile; fileRef = 874E9BCD2C3AFE33000719D9 /* ContentView.swift */; };
		874E9BD02C3AFE34000719D9 /* Assets.xcassets in Resources */ = {isa = PBXBuildFile; fileRef = 874E9BCF2C3AFE34000719D9 /* Assets.xcassets */; };
		874E9BD32C3AFE34000719D9 /* Preview Assets.xcassets in Resources */ = {isa = PBXBuildFile; fileRef = 874E9BD22C3AFE34000719D9 /* Preview Assets.xcassets */; };
		874E9BDD2C3C431B000719D9 /* MovieModels.swift in Sources */ = {isa = PBXBuildFile; fileRef = 874E9BDC2C3C431B000719D9 /* MovieModels.swift */; };
		874E9BE12C3C49CB000719D9 /* MovieRepository.swift in Sources */ = {isa = PBXBuildFile; fileRef = 874E9BE02C3C49CB000719D9 /* MovieRepository.swift */; };
		874E9BE42C3C4BDF000719D9 /* MovieUseCases.swift in Sources */ = {isa = PBXBuildFile; fileRef = 874E9BE32C3C4BDF000719D9 /* MovieUseCases.swift */; };
		874E9BE72C3C59AE000719D9 /* MovieAPI.swift in Sources */ = {isa = PBXBuildFile; fileRef = 874E9BE62C3C59AE000719D9 /* MovieAPI.swift */; };
		874E9BEA2C3C6A87000719D9 /* MovieListViewModel.swift in Sources */ = {isa = PBXBuildFile; fileRef = 874E9BE92C3C6A87000719D9 /* MovieListViewModel.swift */; };
		874E9BED2C3C6E0B000719D9 /* MovieReposImpl.swift in Sources */ = {isa = PBXBuildFile; fileRef = 874E9BEC2C3C6E0B000719D9 /* MovieReposImpl.swift */; };
		874E9C012C3F0006000719D9 /* App-Config.plist in Resources */ = {isa = PBXBuildFile; fileRef = 874E9C002C3F0006000719D9 /* App-Config.plist */; };
		874E9C032C3F00B2000719D9 /* Configuration.swift in Sources */ = {isa = PBXBuildFile; fileRef = 874E9C022C3F00B2000719D9 /* Configuration.swift */; };
		874E9C052C3F198B000719D9 /* Application.swift in Sources */ = {isa = PBXBuildFile; fileRef = 874E9C042C3F198B000719D9 /* Application.swift */; };
		874E9C092C3F24CC000719D9 /* CardView.swift in Sources */ = {isa = PBXBuildFile; fileRef = 874E9C082C3F24CC000719D9 /* CardView.swift */; };
		874E9C0C2C443470000719D9 /* MovieListView.swift in Sources */ = {isa = PBXBuildFile; fileRef = 874E9C0B2C443470000719D9 /* MovieListView.swift */; };
		874E9C0E2C443906000719D9 /* Webservice.swift in Sources */ = {isa = PBXBuildFile; fileRef = 874E9C0D2C443906000719D9 /* Webservice.swift */; };
/* End PBXBuildFile section */

/* Begin PBXFileReference section */
		874E9BC82C3AFE33000719D9 /* MovieBase.app */ = {isa = PBXFileReference; explicitFileType = wrapper.application; includeInIndex = 0; path = MovieBase.app; sourceTree = BUILT_PRODUCTS_DIR; };
		874E9BCB2C3AFE33000719D9 /* MovieBaseApp.swift */ = {isa = PBXFileReference; lastKnownFileType = sourcecode.swift; path = MovieBaseApp.swift; sourceTree = "<group>"; };
		874E9BCD2C3AFE33000719D9 /* ContentView.swift */ = {isa = PBXFileReference; lastKnownFileType = sourcecode.swift; path = ContentView.swift; sourceTree = "<group>"; };
		874E9BCF2C3AFE34000719D9 /* Assets.xcassets */ = {isa = PBXFileReference; lastKnownFileType = folder.assetcatalog; path = Assets.xcassets; sourceTree = "<group>"; };
		874E9BD22C3AFE34000719D9 /* Preview Assets.xcassets */ = {isa = PBXFileReference; lastKnownFileType = folder.assetcatalog; path = "Preview Assets.xcassets"; sourceTree = "<group>"; };
		874E9BDC2C3C431B000719D9 /* MovieModels.swift */ = {isa = PBXFileReference; lastKnownFileType = sourcecode.swift; path = MovieModels.swift; sourceTree = "<group>"; };
		874E9BE02C3C49CB000719D9 /* MovieRepository.swift */ = {isa = PBXFileReference; lastKnownFileType = sourcecode.swift; path = MovieRepository.swift; sourceTree = "<group>"; };
		874E9BE32C3C4BDF000719D9 /* MovieUseCases.swift */ = {isa = PBXFileReference; lastKnownFileType = sourcecode.swift; path = MovieUseCases.swift; sourceTree = "<group>"; };
		874E9BE62C3C59AE000719D9 /* MovieAPI.swift */ = {isa = PBXFileReference; lastKnownFileType = sourcecode.swift; path = MovieAPI.swift; sourceTree = "<group>"; };
		874E9BE92C3C6A87000719D9 /* MovieListViewModel.swift */ = {isa = PBXFileReference; lastKnownFileType = sourcecode.swift; path = MovieListViewModel.swift; sourceTree = "<group>"; };
		874E9BEC2C3C6E0B000719D9 /* MovieReposImpl.swift */ = {isa = PBXFileReference; lastKnownFileType = sourcecode.swift; path = MovieReposImpl.swift; sourceTree = "<group>"; };
		874E9C002C3F0006000719D9 /* App-Config.plist */ = {isa = PBXFileReference; lastKnownFileType = text.plist.xml; path = "App-Config.plist"; sourceTree = "<group>"; };
		874E9C022C3F00B2000719D9 /* Configuration.swift */ = {isa = PBXFileReference; lastKnownFileType = sourcecode.swift; path = Configuration.swift; sourceTree = "<group>"; };
		874E9C042C3F198B000719D9 /* Application.swift */ = {isa = PBXFileReference; lastKnownFileType = sourcecode.swift; path = Application.swift; sourceTree = "<group>"; };
		874E9C082C3F24CC000719D9 /* CardView.swift */ = {isa = PBXFileReference; lastKnownFileType = sourcecode.swift; path = CardView.swift; sourceTree = "<group>"; };
		874E9C0B2C443470000719D9 /* MovieListView.swift */ = {isa = PBXFileReference; lastKnownFileType = sourcecode.swift; path = MovieListView.swift; sourceTree = "<group>"; };
		874E9C0D2C443906000719D9 /* Webservice.swift */ = {isa = PBXFileReference; lastKnownFileType = sourcecode.swift; path = Webservice.swift; sourceTree = "<group>"; };
/* End PBXFileReference section */

/* Begin PBXFrameworksBuildPhase section */
		874E9BC52C3AFE33000719D9 /* Frameworks */ = {
			isa = PBXFrameworksBuildPhase;
			buildActionMask = 2147483647;
			files = (
			);
			runOnlyForDeploymentPostprocessing = 0;
		};
/* End PBXFrameworksBuildPhase section */

/* Begin PBXGroup section */
		874E9BBF2C3AFE33000719D9 = {
			isa = PBXGroup;
			children = (
				874E9BCA2C3AFE33000719D9 /* MovieBase */,
				874E9BC92C3AFE33000719D9 /* Products */,
			);
			sourceTree = "<group>";
		};
		874E9BC92C3AFE33000719D9 /* Products */ = {
			isa = PBXGroup;
			children = (
				874E9BC82C3AFE33000719D9 /* MovieBase.app */,
			);
			name = Products;
			sourceTree = "<group>";
		};
		874E9BCA2C3AFE33000719D9 /* MovieBase */ = {
			isa = PBXGroup;
			children = (
				874E9BFF2C3EFFEB000719D9 /* Configuration */,
				874E9BDB2C3B00C1000719D9 /* Data */,
				874E9BDA2C3B00BA000719D9 /* Domain */,
				874E9BD92C3B00AF000719D9 /* Presentation */,
				874E9BCB2C3AFE33000719D9 /* MovieBaseApp.swift */,
				874E9BCD2C3AFE33000719D9 /* ContentView.swift */,
				874E9BCF2C3AFE34000719D9 /* Assets.xcassets */,
				874E9BD12C3AFE34000719D9 /* Preview Content */,
			);
			path = MovieBase;
			sourceTree = "<group>";
		};
		874E9BD12C3AFE34000719D9 /* Preview Content */ = {
			isa = PBXGroup;
			children = (
				874E9BD22C3AFE34000719D9 /* Preview Assets.xcassets */,
			);
			path = "Preview Content";
			sourceTree = "<group>";
		};
		874E9BD92C3B00AF000719D9 /* Presentation */ = {
			isa = PBXGroup;
			children = (
				874E9C072C3F24AC000719D9 /* View */,
				874E9BE82C3C6A01000719D9 /* ViewModels */,
			);
			path = Presentation;
			sourceTree = "<group>";
		};
		874E9BDA2C3B00BA000719D9 /* Domain */ = {
			isa = PBXGroup;
			children = (
				874E9BE22C3C4A8F000719D9 /* UseCase */,
				874E9BDF2C3C48E2000719D9 /* Repository */,
				874E9BDE2C3C48C2000719D9 /* Entities */,
			);
			path = Domain;
			sourceTree = "<group>";
		};
		874E9BDB2C3B00C1000719D9 /* Data */ = {
			isa = PBXGroup;
			children = (
				874E9C0A2C3F25F6000719D9 /* Networking */,
				874E9BEB2C3C6DA5000719D9 /* Repository */,
				874E9BE52C3C507B000719D9 /* DataSources */,
			);
			path = Data;
			sourceTree = "<group>";
		};
		874E9BDE2C3C48C2000719D9 /* Entities */ = {
			isa = PBXGroup;
			children = (
				874E9BDC2C3C431B000719D9 /* MovieModels.swift */,
			);
			path = Entities;
			sourceTree = "<group>";
		};
		874E9BDF2C3C48E2000719D9 /* Repository */ = {
			isa = PBXGroup;
			children = (
				874E9BE02C3C49CB000719D9 /* MovieRepository.swift */,
			);
			path = Repository;
			sourceTree = "<group>";
		};
		874E9BE22C3C4A8F000719D9 /* UseCase */ = {
			isa = PBXGroup;
			children = (
				874E9BE32C3C4BDF000719D9 /* MovieUseCases.swift */,
			);
			path = UseCase;
			sourceTree = "<group>";
		};
		874E9BE52C3C507B000719D9 /* DataSources */ = {
			isa = PBXGroup;
			children = (
				874E9BE62C3C59AE000719D9 /* MovieAPI.swift */,
			);
			path = DataSources;
			sourceTree = "<group>";
		};
		874E9BE82C3C6A01000719D9 /* ViewModels */ = {
			isa = PBXGroup;
			children = (
				874E9BE92C3C6A87000719D9 /* MovieListViewModel.swift */,
			);
			path = ViewModels;
			sourceTree = "<group>";
		};
		874E9BEB2C3C6DA5000719D9 /* Repository */ = {
			isa = PBXGroup;
			children = (
				874E9BEC2C3C6E0B000719D9 /* MovieReposImpl.swift */,
			);
			path = Repository;
			sourceTree = "<group>";
		};
		874E9BFF2C3EFFEB000719D9 /* Configuration */ = {
			isa = PBXGroup;
			children = (
				874E9C002C3F0006000719D9 /* App-Config.plist */,
				874E9C022C3F00B2000719D9 /* Configuration.swift */,
				874E9C042C3F198B000719D9 /* Application.swift */,
			);
			path = Configuration;
			sourceTree = "<group>";
		};
		874E9C072C3F24AC000719D9 /* View */ = {
			isa = PBXGroup;
			children = (
				874E9C082C3F24CC000719D9 /* CardView.swift */,
				874E9C0B2C443470000719D9 /* MovieListView.swift */,
			);
			path = View;
			sourceTree = "<group>";
		};
		874E9C0A2C3F25F6000719D9 /* Networking */ = {
			isa = PBXGroup;
			children = (
				874E9C0D2C443906000719D9 /* Webservice.swift */,
			);
			path = Networking;
			sourceTree = "<group>";
		};
/* End PBXGroup section */

/* Begin PBXNativeTarget section */
		874E9BC72C3AFE33000719D9 /* MovieBase */ = {
			isa = PBXNativeTarget;
			buildConfigurationList = 874E9BD62C3AFE34000719D9 /* Build configuration list for PBXNativeTarget "MovieBase" */;
			buildPhases = (
				874E9BC42C3AFE33000719D9 /* Sources */,
				874E9BC52C3AFE33000719D9 /* Frameworks */,
				874E9BC62C3AFE33000719D9 /* Resources */,
			);
			buildRules = (
			);
			dependencies = (
			);
			name = MovieBase;
			productName = MovieBase;
			productReference = 874E9BC82C3AFE33000719D9 /* MovieBase.app */;
			productType = "com.apple.product-type.application";
		};
/* End PBXNativeTarget section */

/* Begin PBXProject section */
		874E9BC02C3AFE33000719D9 /* Project object */ = {
			isa = PBXProject;
			attributes = {
				BuildIndependentTargetsInParallel = 1;
				LastSwiftUpdateCheck = 1430;
				LastUpgradeCheck = 1430;
				TargetAttributes = {
					874E9BC72C3AFE33000719D9 = {
						CreatedOnToolsVersion = 14.3.1;
					};
				};
			};
			buildConfigurationList = 874E9BC32C3AFE33000719D9 /* Build configuration list for PBXProject "MovieBase" */;
			compatibilityVersion = "Xcode 14.0";
			developmentRegion = en;
			hasScannedForEncodings = 0;
			knownRegions = (
				en,
				Base,
			);
			mainGroup = 874E9BBF2C3AFE33000719D9;
			productRefGroup = 874E9BC92C3AFE33000719D9 /* Products */;
			projectDirPath = "";
			projectRoot = "";
			targets = (
				874E9BC72C3AFE33000719D9 /* MovieBase */,
			);
		};
/* End PBXProject section */

/* Begin PBXResourcesBuildPhase section */
		874E9BC62C3AFE33000719D9 /* Resources */ = {
			isa = PBXResourcesBuildPhase;
			buildActionMask = 2147483647;
			files = (
				874E9BD32C3AFE34000719D9 /* Preview Assets.xcassets in Resources */,
				874E9C012C3F0006000719D9 /* App-Config.plist in Resources */,
				874E9BD02C3AFE34000719D9 /* Assets.xcassets in Resources */,
			);
			runOnlyForDeploymentPostprocessing = 0;
		};
/* End PBXResourcesBuildPhase section */

/* Begin PBXSourcesBuildPhase section */
		874E9BC42C3AFE33000719D9 /* Sources */ = {
			isa = PBXSourcesBuildPhase;
			buildActionMask = 2147483647;
			files = (
				874E9C052C3F198B000719D9 /* Application.swift in Sources */,
				874E9BE42C3C4BDF000719D9 /* MovieUseCases.swift in Sources */,
				874E9BE12C3C49CB000719D9 /* MovieRepository.swift in Sources */,
				874E9BED2C3C6E0B000719D9 /* MovieReposImpl.swift in Sources */,
				874E9C032C3F00B2000719D9 /* Configuration.swift in Sources */,
				874E9C0C2C443470000719D9 /* MovieListView.swift in Sources */,
				874E9BCE2C3AFE33000719D9 /* ContentView.swift in Sources */,
				874E9BEA2C3C6A87000719D9 /* MovieListViewModel.swift in Sources */,
				874E9BE72C3C59AE000719D9 /* MovieAPI.swift in Sources */,
				874E9BDD2C3C431B000719D9 /* MovieModels.swift in Sources */,
				874E9C0E2C443906000719D9 /* Webservice.swift in Sources */,
				874E9C092C3F24CC000719D9 /* CardView.swift in Sources */,
				874E9BCC2C3AFE33000719D9 /* MovieBaseApp.swift in Sources */,
			);
			runOnlyForDeploymentPostprocessing = 0;
		};
/* End PBXSourcesBuildPhase section */

/* Begin XCBuildConfiguration section */
		874E9BD42C3AFE34000719D9 /* Debug */ = {
			isa = XCBuildConfiguration;
			buildSettings = {
				ALWAYS_SEARCH_USER_PATHS = NO;
				CLANG_ANALYZER_NONNULL = YES;
				CLANG_ANALYZER_NUMBER_OBJECT_CONVERSION = YES_AGGRESSIVE;
				CLANG_CXX_LANGUAGE_STANDARD = "gnu++20";
				CLANG_ENABLE_MODULES = YES;
				CLANG_ENABLE_OBJC_ARC = YES;
				CLANG_ENABLE_OBJC_WEAK = YES;
				CLANG_WARN_BLOCK_CAPTURE_AUTORELEASING = YES;
				CLANG_WARN_BOOL_CONVERSION = YES;
				CLANG_WARN_COMMA = YES;
				CLANG_WARN_CONSTANT_CONVERSION = YES;
				CLANG_WARN_DEPRECATED_OBJC_IMPLEMENTATIONS = YES;
				CLANG_WARN_DIRECT_OBJC_ISA_USAGE = YES_ERROR;
				CLANG_WARN_DOCUMENTATION_COMMENTS = YES;
				CLANG_WARN_EMPTY_BODY = YES;
				CLANG_WARN_ENUM_CONVERSION = YES;
				CLANG_WARN_INFINITE_RECURSION = YES;
				CLANG_WARN_INT_CONVERSION = YES;
				CLANG_WARN_NON_LITERAL_NULL_CONVERSION = YES;
				CLANG_WARN_OBJC_IMPLICIT_RETAIN_SELF = YES;
				CLANG_WARN_OBJC_LITERAL_CONVERSION = YES;
				CLANG_WARN_OBJC_ROOT_CLASS = YES_ERROR;
				CLANG_WARN_QUOTED_INCLUDE_IN_FRAMEWORK_HEADER = YES;
				CLANG_WARN_RANGE_LOOP_ANALYSIS = YES;
				CLANG_WARN_STRICT_PROTOTYPES = YES;
				CLANG_WARN_SUSPICIOUS_MOVE = YES;
				CLANG_WARN_UNGUARDED_AVAILABILITY = YES_AGGRESSIVE;
				CLANG_WARN_UNREACHABLE_CODE = YES;
				CLANG_WARN__DUPLICATE_METHOD_MATCH = YES;
				COPY_PHASE_STRIP = NO;
				DEBUG_INFORMATION_FORMAT = dwarf;
				ENABLE_STRICT_OBJC_MSGSEND = YES;
				ENABLE_TESTABILITY = YES;
				GCC_C_LANGUAGE_STANDARD = gnu11;
				GCC_DYNAMIC_NO_PIC = NO;
				GCC_NO_COMMON_BLOCKS = YES;
				GCC_OPTIMIZATION_LEVEL = 0;
				GCC_PREPROCESSOR_DEFINITIONS = (
					"DEBUG=1",
					"$(inherited)",
				);
				GCC_WARN_64_TO_32_BIT_CONVERSION = YES;
				GCC_WARN_ABOUT_RETURN_TYPE = YES_ERROR;
				GCC_WARN_UNDECLARED_SELECTOR = YES;
				GCC_WARN_UNINITIALIZED_AUTOS = YES_AGGRESSIVE;
				GCC_WARN_UNUSED_FUNCTION = YES;
				GCC_WARN_UNUSED_VARIABLE = YES;
				IPHONEOS_DEPLOYMENT_TARGET = 16.4;
				MTL_ENABLE_DEBUG_INFO = INCLUDE_SOURCE;
				MTL_FAST_MATH = YES;
				ONLY_ACTIVE_ARCH = YES;
				SDKROOT = iphoneos;
				SWIFT_ACTIVE_COMPILATION_CONDITIONS = DEBUG;
				SWIFT_OPTIMIZATION_LEVEL = "-Onone";
			};
			name = Debug;
		};
		874E9BD52C3AFE34000719D9 /* Release */ = {
			isa = XCBuildConfiguration;
			buildSettings = {
				ALWAYS_SEARCH_USER_PATHS = NO;
				CLANG_ANALYZER_NONNULL = YES;
				CLANG_ANALYZER_NUMBER_OBJECT_CONVERSION = YES_AGGRESSIVE;
				CLANG_CXX_LANGUAGE_STANDARD = "gnu++20";
				CLANG_ENABLE_MODULES = YES;
				CLANG_ENABLE_OBJC_ARC = YES;
				CLANG_ENABLE_OBJC_WEAK = YES;
				CLANG_WARN_BLOCK_CAPTURE_AUTORELEASING = YES;
				CLANG_WARN_BOOL_CONVERSION = YES;
				CLANG_WARN_COMMA = YES;
				CLANG_WARN_CONSTANT_CONVERSION = YES;
				CLANG_WARN_DEPRECATED_OBJC_IMPLEMENTATIONS = YES;
				CLANG_WARN_DIRECT_OBJC_ISA_USAGE = YES_ERROR;
				CLANG_WARN_DOCUMENTATION_COMMENTS = YES;
				CLANG_WARN_EMPTY_BODY = YES;
				CLANG_WARN_ENUM_CONVERSION = YES;
				CLANG_WARN_INFINITE_RECURSION = YES;
				CLANG_WARN_INT_CONVERSION = YES;
				CLANG_WARN_NON_LITERAL_NULL_CONVERSION = YES;
				CLANG_WARN_OBJC_IMPLICIT_RETAIN_SELF = YES;
				CLANG_WARN_OBJC_LITERAL_CONVERSION = YES;
				CLANG_WARN_OBJC_ROOT_CLASS = YES_ERROR;
				CLANG_WARN_QUOTED_INCLUDE_IN_FRAMEWORK_HEADER = YES;
				CLANG_WARN_RANGE_LOOP_ANALYSIS = YES;
				CLANG_WARN_STRICT_PROTOTYPES = YES;
				CLANG_WARN_SUSPICIOUS_MOVE = YES;
				CLANG_WARN_UNGUARDED_AVAILABILITY = YES_AGGRESSIVE;
				CLANG_WARN_UNREACHABLE_CODE = YES;
				CLANG_WARN__DUPLICATE_METHOD_MATCH = YES;
				COPY_PHASE_STRIP = NO;
				DEBUG_INFORMATION_FORMAT = "dwarf-with-dsym";
				ENABLE_NS_ASSERTIONS = NO;
				ENABLE_STRICT_OBJC_MSGSEND = YES;
				GCC_C_LANGUAGE_STANDARD = gnu11;
				GCC_NO_COMMON_BLOCKS = YES;
				GCC_WARN_64_TO_32_BIT_CONVERSION = YES;
				GCC_WARN_ABOUT_RETURN_TYPE = YES_ERROR;
				GCC_WARN_UNDECLARED_SELECTOR = YES;
				GCC_WARN_UNINITIALIZED_AUTOS = YES_AGGRESSIVE;
				GCC_WARN_UNUSED_FUNCTION = YES;
				GCC_WARN_UNUSED_VARIABLE = YES;
				IPHONEOS_DEPLOYMENT_TARGET = 16.4;
				MTL_ENABLE_DEBUG_INFO = NO;
				MTL_FAST_MATH = YES;
				SDKROOT = iphoneos;
				SWIFT_COMPILATION_MODE = wholemodule;
				SWIFT_OPTIMIZATION_LEVEL = "-O";
				VALIDATE_PRODUCT = YES;
			};
			name = Release;
		};
		874E9BD72C3AFE34000719D9 /* Debug */ = {
			isa = XCBuildConfiguration;
			buildSettings = {
				ASSETCATALOG_COMPILER_APPICON_NAME = AppIcon;
				ASSETCATALOG_COMPILER_GLOBAL_ACCENT_COLOR_NAME = AccentColor;
				CODE_SIGN_STYLE = Automatic;
				CURRENT_PROJECT_VERSION = 1;
				DEVELOPMENT_ASSET_PATHS = "\"MovieBase/Preview Content\"";
				DEVELOPMENT_TEAM = V295X7TJF4;
				ENABLE_PREVIEWS = YES;
				GENERATE_INFOPLIST_FILE = YES;
				INFOPLIST_KEY_UIApplicationSceneManifest_Generation = YES;
				INFOPLIST_KEY_UIApplicationSupportsIndirectInputEvents = YES;
				INFOPLIST_KEY_UILaunchScreen_Generation = YES;
				INFOPLIST_KEY_UISupportedInterfaceOrientations_iPad = "UIInterfaceOrientationPortrait UIInterfaceOrientationPortraitUpsideDown UIInterfaceOrientationLandscapeLeft UIInterfaceOrientationLandscapeRight";
				INFOPLIST_KEY_UISupportedInterfaceOrientations_iPhone = "UIInterfaceOrientationPortrait UIInterfaceOrientationLandscapeLeft UIInterfaceOrientationLandscapeRight";
				LD_RUNPATH_SEARCH_PATHS = (
					"$(inherited)",
					"@executable_path/Frameworks",
				);
				MARKETING_VERSION = 1.0;
				PRODUCT_BUNDLE_IDENTIFIER = com.ajin.MovieBase;
				PRODUCT_NAME = "$(TARGET_NAME)";
				SWIFT_EMIT_LOC_STRINGS = YES;
				SWIFT_VERSION = 5.0;
				TARGETED_DEVICE_FAMILY = "1,2";
			};
			name = Debug;
		};
		874E9BD82C3AFE34000719D9 /* Release */ = {
			isa = XCBuildConfiguration;
			buildSettings = {
				ASSETCATALOG_COMPILER_APPICON_NAME = AppIcon;
				ASSETCATALOG_COMPILER_GLOBAL_ACCENT_COLOR_NAME = AccentColor;
				CODE_SIGN_STYLE = Automatic;
				CURRENT_PROJECT_VERSION = 1;
				DEVELOPMENT_ASSET_PATHS = "\"MovieBase/Preview Content\"";
				DEVELOPMENT_TEAM = V295X7TJF4;
				ENABLE_PREVIEWS = YES;
				GENERATE_INFOPLIST_FILE = YES;
				INFOPLIST_KEY_UIApplicationSceneManifest_Generation = YES;
				INFOPLIST_KEY_UIApplicationSupportsIndirectInputEvents = YES;
				INFOPLIST_KEY_UILaunchScreen_Generation = YES;
				INFOPLIST_KEY_UISupportedInterfaceOrientations_iPad = "UIInterfaceOrientationPortrait UIInterfaceOrientationPortraitUpsideDown UIInterfaceOrientationLandscapeLeft UIInterfaceOrientationLandscapeRight";
				INFOPLIST_KEY_UISupportedInterfaceOrientations_iPhone = "UIInterfaceOrientationPortrait UIInterfaceOrientationLandscapeLeft UIInterfaceOrientationLandscapeRight";
				LD_RUNPATH_SEARCH_PATHS = (
					"$(inherited)",
					"@executable_path/Frameworks",
				);
				MARKETING_VERSION = 1.0;
				PRODUCT_BUNDLE_IDENTIFIER = com.ajin.MovieBase;
				PRODUCT_NAME = "$(TARGET_NAME)";
				SWIFT_EMIT_LOC_STRINGS = YES;
				SWIFT_VERSION = 5.0;
				TARGETED_DEVICE_FAMILY = "1,2";
			};
			name = Release;
		};
/* End XCBuildConfiguration section */

/* Begin XCConfigurationList section */
		874E9BC32C3AFE33000719D9 /* Build configuration list for PBXProject "MovieBase" */ = {
			isa = XCConfigurationList;
			buildConfigurations = (
				874E9BD42C3AFE34000719D9 /* Debug */,
				874E9BD52C3AFE34000719D9 /* Release */,
			);
			defaultConfigurationIsVisible = 0;
			defaultConfigurationName = Release;
		};
		874E9BD62C3AFE34000719D9 /* Build configuration list for PBXNativeTarget "MovieBase" */ = {
			isa = XCConfigurationList;
			buildConfigurations = (
				874E9BD72C3AFE34000719D9 /* Debug */,
				874E9BD82C3AFE34000719D9 /* Release */,
			);
			defaultConfigurationIsVisible = 0;
			defaultConfigurationName = Release;
		};
/* End XCConfigurationList section */
	};
	rootObject = 874E9BC02C3AFE33000719D9 /* Project object */;
}
